
Microsoft Visual Studio Solution File, Format Version 12.00
# Visual Studio Version 16
VisualStudioVersion = 16.0.31624.102
MinimumVisualStudioVersion = 10.0.40219.1
Project("{9A19103F-16F7-4668-BE54-9A1E7A4F7556}") = "1", "ConsoleApp1\1.csproj", "{305376C2-8025-49F2-AA90-C0CDA92DBCE6}"
EndProject
Project("{9A19103F-16F7-4668-BE54-9A1E7A4F7556}") = "2", "ConsoleApp2\2.csproj", "{AE6D7979-5938-4C6C-91D3-237EFC848984}"
EndProject
Global
	GlobalSection(SolutionConfigurationPlatforms) = preSolution
		Debug|Any CPU = Debug|Any CPU
		Release|Any CPU = Release|Any CPU
	EndGlobalSection
	GlobalSection(ProjectConfigurationPlatforms) = postSolution
		{305376C2-8025-49F2-AA90-C0CDA92DBCE6}.Debug|Any CPU.ActiveCfg = Debug|Any CPU
		{305376C2-8025-49F2-AA90-C0CDA92DBCE6}.Debug|Any CPU.Build.0 = Debug|Any CPU
		{305376C2-8025-49F2-AA90-C0CDA92DBCE6}.Release|Any CPU.ActiveCfg = Release|Any CPU
		{305376C2-8025-49F2-AA90-C0CDA92DBCE6}.Release|Any CPU.Build.0 = Release|Any CPU
		{AE6D7979-5938-4C6C-91D3-237EFC848984}.Debug|Any CPU.ActiveCfg = Debug|Any CPU
		{AE6D7979-5938-4C6C-91D3-237EFC848984}.Debug|Any CPU.Build.0 = Debug|Any CPU
		{AE6D7979-5938-4C6C-91D3-237EFC848984}.Release|Any CPU.ActiveCfg = Release|Any CPU
		{AE6D7979-5938-4C6C-91D3-237EFC848984}.Release|Any CPU.Build.0 = Release|Any CPU
	EndGlobalSection
	GlobalSection(SolutionProperties) = preSolution
		HideSolutionNode = FALSE
	EndGlobalSection
	GlobalSection(ExtensibilityGlobals) = postSolution
		SolutionGuid = {2527BFF3-F036-4954-8486-DD2E387496E3}
	EndGlobalSection
EndGlobal
